// !$*UTF8*$!
{
	archiveVersion = 1;
	classes = {
	};
	objectVersion = 77;
	objects = {

/* Begin PBXBuildFile section */
		197643652DCDF0F5007444D8 /* JSONCodable in Frameworks */ = {isa = PBXBuildFile; productRef = 197643642DCDF0F5007444D8 /* JSONCodable */; };
/* End PBXBuildFile section */

/* Begin PBXContainerItemProxy section */
		1976432C2DCDF083007444D8 /* PBXContainerItemProxy */ = {
			isa = PBXContainerItemProxy;
			containerPortal = 197643162DCDF080007444D8 /* Project object */;
			proxyType = 1;
			remoteGlobalIDString = 1976431D2DCDF080007444D8;
			remoteInfo = iOSSample;
		};
		197643362DCDF083007444D8 /* PBXContainerItemProxy */ = {
			isa = PBXContainerItemProxy;
			containerPortal = 197643162DCDF080007444D8 /* Project object */;
			proxyType = 1;
			remoteGlobalIDString = 1976431D2DCDF080007444D8;
			remoteInfo = iOSSample;
		};
/* End PBXContainerItemProxy section */

/* Begin PBXFileReference section */
		1976431E2DCDF080007444D8 /* iOSSample.app */ = {isa = PBXFileReference; explicitFileType = wrapper.application; includeInIndex = 0; path = iOSSample.app; sourceTree = BUILT_PRODUCTS_DIR; };
		1976432B2DCDF083007444D8 /* iOSSampleTests.xctest */ = {isa = PBXFileReference; explicitFileType = wrapper.cfbundle; includeInIndex = 0; path = iOSSampleTests.xctest; sourceTree = BUILT_PRODUCTS_DIR; };
		197643352DCDF083007444D8 /* iOSSampleUITests.xctest */ = {isa = PBXFileReference; explicitFileType = wrapper.cfbundle; includeInIndex = 0; path = iOSSampleUITests.xctest; sourceTree = BUILT_PRODUCTS_DIR; };
/* End PBXFileReference section */

/* Begin PBXFileSystemSynchronizedRootGroup section */
		197643202DCDF080007444D8 /* iOSSample */ = {
			isa = PBXFileSystemSynchronizedRootGroup;
			path = iOSSample;
			sourceTree = "<group>";
		};
		1976432E2DCDF083007444D8 /* iOSSampleTests */ = {
			isa = PBXFileSystemSynchronizedRootGroup;
			path = iOSSampleTests;
			sourceTree = "<group>";
		};
		197643382DCDF083007444D8 /* iOSSampleUITests */ = {
			isa = PBXFileSystemSynchronizedRootGroup;
			path = iOSSampleUITests;
			sourceTree = "<group>";
		};
/* End PBXFileSystemSynchronizedRootGroup section */

/* Begin PBXFrameworksBuildPhase section */
		1976431B2DCDF080007444D8 /* Frameworks */ = {
			isa = PBXFrameworksBuildPhase;
			buildActionMask = 2147483647;
			files = (
				197643652DCDF0F5007444D8 /* JSONCodable in Frameworks */,
			);
			runOnlyForDeploymentPostprocessing = 0;
		};
		197643282DCDF083007444D8 /* Frameworks */ = {
			isa = PBXFrameworksBuildPhase;
			buildActionMask = 2147483647;
			files = (
			);
			runOnlyForDeploymentPostprocessing = 0;
		};
		197643322DCDF083007444D8 /* Frameworks */ = {
			isa = PBXFrameworksBuildPhase;
			buildActionMask = 2147483647;
			files = (
			);
			runOnlyForDeploymentPostprocessing = 0;
		};
/* End PBXFrameworksBuildPhase section */

/* Begin PBXGroup section */
		197643152DCDF080007444D8 = {
			isa = PBXGroup;
			children = (
				197643202DCDF080007444D8 /* iOSSample */,
				1976432E2DCDF083007444D8 /* iOSSampleTests */,
				197643382DCDF083007444D8 /* iOSSampleUITests */,
				197643632DCDF0F5007444D8 /* Frameworks */,
				1976431F2DCDF080007444D8 /* Products */,
			);
			sourceTree = "<group>";
		};
		1976431F2DCDF080007444D8 /* Products */ = {
			isa = PBXGroup;
			children = (
				1976431E2DCDF080007444D8 /* iOSSample.app */,
				1976432B2DCDF083007444D8 /* iOSSampleTests.xctest */,
				197643352DCDF083007444D8 /* iOSSampleUITests.xctest */,
			);
			name = Products;
			sourceTree = "<group>";
		};
		197643632DCDF0F5007444D8 /* Frameworks */ = {
			isa = PBXGroup;
			children = (
			);
			name = Frameworks;
			sourceTree = "<group>";
		};
/* End PBXGroup section */

/* Begin PBXNativeTarget section */
		1976431D2DCDF080007444D8 /* iOSSample */ = {
			isa = PBXNativeTarget;
			buildConfigurationList = 1976433F2DCDF083007444D8 /* Build configuration list for PBXNativeTarget "iOSSample" */;
			buildPhases = (
				1976431A2DCDF080007444D8 /* Sources */,
				1976431B2DCDF080007444D8 /* Frameworks */,
				1976431C2DCDF080007444D8 /* Resources */,
			);
			buildRules = (
			);
			dependencies = (
			);
			fileSystemSynchronizedGroups = (
				197643202DCDF080007444D8 /* iOSSample */,
			);
			name = iOSSample;
			packageProductDependencies = (
				197643642DCDF0F5007444D8 /* JSONCodable */,
			);
			productName = iOSSample;
			productReference = 1976431E2DCDF080007444D8 /* iOSSample.app */;
			productType = "com.apple.product-type.application";
		};
		1976432A2DCDF083007444D8 /* iOSSampleTests */ = {
			isa = PBXNativeTarget;
			buildConfigurationList = 197643422DCDF083007444D8 /* Build configuration list for PBXNativeTarget "iOSSampleTests" */;
			buildPhases = (
				197643272DCDF083007444D8 /* Sources */,
				197643282DCDF083007444D8 /* Frameworks */,
				197643292DCDF083007444D8 /* Resources */,
			);
			buildRules = (
			);
			dependencies = (
				1976432D2DCDF083007444D8 /* PBXTargetDependency */,
			);
			fileSystemSynchronizedGroups = (
				1976432E2DCDF083007444D8 /* iOSSampleTests */,
			);
			name = iOSSampleTests;
			packageProductDependencies = (
			);
			productName = iOSSampleTests;
			productReference = 1976432B2DCDF083007444D8 /* iOSSampleTests.xctest */;
			productType = "com.apple.product-type.bundle.unit-test";
		};
		197643342DCDF083007444D8 /* iOSSampleUITests */ = {
			isa = PBXNativeTarget;
			buildConfigurationList = 197643452DCDF083007444D8 /* Build configuration list for PBXNativeTarget "iOSSampleUITests" */;
			buildPhases = (
				197643312DCDF083007444D8 /* Sources */,
				197643322DCDF083007444D8 /* Frameworks */,
				197643332DCDF083007444D8 /* Resources */,
			);
			buildRules = (
			);
			dependencies = (
				197643372DCDF083007444D8 /* PBXTargetDependency */,
			);
			fileSystemSynchronizedGroups = (
				197643382DCDF083007444D8 /* iOSSampleUITests */,
			);
			name = iOSSampleUITests;
			packageProductDependencies = (
			);
			productName = iOSSampleUITests;
			productReference = 197643352DCDF083007444D8 /* iOSSampleUITests.xctest */;
			productType = "com.apple.product-type.bundle.ui-testing";
		};
/* End PBXNativeTarget section */

/* Begin PBXProject section */
		197643162DCDF080007444D8 /* Project object */ = {
			isa = PBXProject;
			attributes = {
				BuildIndependentTargetsInParallel = 1;
				LastSwiftUpdateCheck = 1630;
				LastUpgradeCheck = 1630;
				TargetAttributes = {
					1976431D2DCDF080007444D8 = {
						CreatedOnToolsVersion = 16.3;
					};
					1976432A2DCDF083007444D8 = {
						CreatedOnToolsVersion = 16.3;
						TestTargetID = 1976431D2DCDF080007444D8;
					};
					197643342DCDF083007444D8 = {
						CreatedOnToolsVersion = 16.3;
						TestTargetID = 1976431D2DCDF080007444D8;
					};
				};
			};
			buildConfigurationList = 197643192DCDF080007444D8 /* Build configuration list for PBXProject "iOSSample" */;
			developmentRegion = en;
			hasScannedForEncodings = 0;
			knownRegions = (
				en,
				Base,
			);
			mainGroup = 197643152DCDF080007444D8;
			minimizedProjectReferenceProxies = 1;
			packageReferences = (
				197643622DCDF0E3007444D8 /* XCLocalSwiftPackageReference "../../JSONCodable" */,
			);
			preferredProjectObjectVersion = 77;
			productRefGroup = 1976431F2DCDF080007444D8 /* Products */;
			projectDirPath = "";
			projectRoot = "";
			targets = (
				1976431D2DCDF080007444D8 /* iOSSample */,
				1976432A2DCDF083007444D8 /* iOSSampleTests */,
				197643342DCDF083007444D8 /* iOSSampleUITests */,
			);
		};
/* End PBXProject section */

/* Begin PBXResourcesBuildPhase section */
		1976431C2DCDF080007444D8 /* Resources */ = {
			isa = PBXResourcesBuildPhase;
			buildActionMask = 2147483647;
			files = (
			);
			runOnlyForDeploymentPostprocessing = 0;
		};
		197643292DCDF083007444D8 /* Resources */ = {
			isa = PBXResourcesBuildPhase;
			buildActionMask = 2147483647;
			files = (
			);
			runOnlyForDeploymentPostprocessing = 0;
		};
		197643332DCDF083007444D8 /* Resources */ = {
			isa = PBXResourcesBuildPhase;
			buildActionMask = 2147483647;
			files = (
			);
			runOnlyForDeploymentPostprocessing = 0;
		};
/* End PBXResourcesBuildPhase section */

/* Begin PBXSourcesBuildPhase section */
		1976431A2DCDF080007444D8 /* Sources */ = {
			isa = PBXSourcesBuildPhase;
			buildActionMask = 2147483647;
			files = (
			);
			runOnlyForDeploymentPostprocessing = 0;
		};
		197643272DCDF083007444D8 /* Sources */ = {
			isa = PBXSourcesBuildPhase;
			buildActionMask = 2147483647;
			files = (
			);
			runOnlyForDeploymentPostprocessing = 0;
		};
		197643312DCDF083007444D8 /* Sources */ = {
			isa = PBXSourcesBuildPhase;
			buildActionMask = 2147483647;
			files = (
			);
			runOnlyForDeploymentPostprocessing = 0;
		};
/* End PBXSourcesBuildPhase section */

/* Begin PBXTargetDependency section */
		1976432D2DCDF083007444D8 /* PBXTargetDependency */ = {
			isa = PBXTargetDependency;
			target = 1976431D2DCDF080007444D8 /* iOSSample */;
			targetProxy = 1976432C2DCDF083007444D8 /* PBXContainerItemProxy */;
		};
		197643372DCDF083007444D8 /* PBXTargetDependency */ = {
			isa = PBXTargetDependency;
			target = 1976431D2DCDF080007444D8 /* iOSSample */;
			targetProxy = 197643362DCDF083007444D8 /* PBXContainerItemProxy */;
		};
/* End PBXTargetDependency section */

/* Begin XCBuildConfiguration section */
		1976433D2DCDF083007444D8 /* Debug */ = {
			isa = XCBuildConfiguration;
			buildSettings = {
				ALWAYS_SEARCH_USER_PATHS = NO;
				ASSETCATALOG_COMPILER_GENERATE_SWIFT_ASSET_SYMBOL_EXTENSIONS = YES;
				CLANG_ANALYZER_NONNULL = YES;
				CLANG_ANALYZER_NUMBER_OBJECT_CONVERSION = YES_AGGRESSIVE;
				CLANG_CXX_LANGUAGE_STANDARD = "gnu++20";
				CLANG_ENABLE_MODULES = YES;
				CLANG_ENABLE_OBJC_ARC = YES;
				CLANG_ENABLE_OBJC_WEAK = YES;
				CLANG_WARN_BLOCK_CAPTURE_AUTORELEASING = YES;
				CLANG_WARN_BOOL_CONVERSION = YES;
				CLANG_WARN_COMMA = YES;
				CLANG_WARN_CONSTANT_CONVERSION = YES;
				CLANG_WARN_DEPRECATED_OBJC_IMPLEMENTATIONS = YES;
				CLANG_WARN_DIRECT_OBJC_ISA_USAGE = YES_ERROR;
				CLANG_WARN_DOCUMENTATION_COMMENTS = YES;
				CLANG_WARN_EMPTY_BODY = YES;
				CLANG_WARN_ENUM_CONVERSION = YES;
				CLANG_WARN_INFINITE_RECURSION = YES;
				CLANG_WARN_INT_CONVERSION = YES;
				CLANG_WARN_NON_LITERAL_NULL_CONVERSION = YES;
				CLANG_WARN_OBJC_IMPLICIT_RETAIN_SELF = YES;
				CLANG_WARN_OBJC_LITERAL_CONVERSION = YES;
				CLANG_WARN_OBJC_ROOT_CLASS = YES_ERROR;
				CLANG_WARN_QUOTED_INCLUDE_IN_FRAMEWORK_HEADER = YES;
				CLANG_WARN_RANGE_LOOP_ANALYSIS = YES;
				CLANG_WARN_STRICT_PROTOTYPES = YES;
				CLANG_WARN_SUSPICIOUS_MOVE = YES;
				CLANG_WARN_UNGUARDED_AVAILABILITY = YES_AGGRESSIVE;
				CLANG_WARN_UNREACHABLE_CODE = YES;
				CLANG_WARN__DUPLICATE_METHOD_MATCH = YES;
				COPY_PHASE_STRIP = NO;
				DEBUG_INFORMATION_FORMAT = dwarf;
				DEVELOPMENT_TEAM = W48NJ368MP;
				ENABLE_STRICT_OBJC_MSGSEND = YES;
				ENABLE_TESTABILITY = YES;
				ENABLE_USER_SCRIPT_SANDBOXING = YES;
				GCC_C_LANGUAGE_STANDARD = gnu17;
				GCC_DYNAMIC_NO_PIC = NO;
				GCC_NO_COMMON_BLOCKS = YES;
				GCC_OPTIMIZATION_LEVEL = 0;
				GCC_PREPROCESSOR_DEFINITIONS = (
					"DEBUG=1",
					"$(inherited)",
				);
				GCC_WARN_64_TO_32_BIT_CONVERSION = YES;
				GCC_WARN_ABOUT_RETURN_TYPE = YES_ERROR;
				GCC_WARN_UNDECLARED_SELECTOR = YES;
				GCC_WARN_UNINITIALIZED_AUTOS = YES_AGGRESSIVE;
				GCC_WARN_UNUSED_FUNCTION = YES;
				GCC_WARN_UNUSED_VARIABLE = YES;
				IPHONEOS_DEPLOYMENT_TARGET = 18.4;
				LOCALIZATION_PREFERS_STRING_CATALOGS = YES;
				MTL_ENABLE_DEBUG_INFO = INCLUDE_SOURCE;
				MTL_FAST_MATH = YES;
				ONLY_ACTIVE_ARCH = YES;
				SDKROOT = iphoneos;
				SWIFT_ACTIVE_COMPILATION_CONDITIONS = "DEBUG $(inherited)";
				SWIFT_OPTIMIZATION_LEVEL = "-Onone";
			};
			name = Debug;
		};
		1976433E2DCDF083007444D8 /* Release */ = {
			isa = XCBuildConfiguration;
			buildSettings = {
				ALWAYS_SEARCH_USER_PATHS = NO;
				ASSETCATALOG_COMPILER_GENERATE_SWIFT_ASSET_SYMBOL_EXTENSIONS = YES;
				CLANG_ANALYZER_NONNULL = YES;
				CLANG_ANALYZER_NUMBER_OBJECT_CONVERSION = YES_AGGRESSIVE;
				CLANG_CXX_LANGUAGE_STANDARD = "gnu++20";
				CLANG_ENABLE_MODULES = YES;
				CLANG_ENABLE_OBJC_ARC = YES;
				CLANG_ENABLE_OBJC_WEAK = YES;
				CLANG_WARN_BLOCK_CAPTURE_AUTORELEASING = YES;
				CLANG_WARN_BOOL_CONVERSION = YES;
				CLANG_WARN_COMMA = YES;
				CLANG_WARN_CONSTANT_CONVERSION = YES;
				CLANG_WARN_DEPRECATED_OBJC_IMPLEMENTATIONS = YES;
				CLANG_WARN_DIRECT_OBJC_ISA_USAGE = YES_ERROR;
				CLANG_WARN_DOCUMENTATION_COMMENTS = YES;
				CLANG_WARN_EMPTY_BODY = YES;
				CLANG_WARN_ENUM_CONVERSION = YES;
				CLANG_WARN_INFINITE_RECURSION = YES;
				CLANG_WARN_INT_CONVERSION = YES;
				CLANG_WARN_NON_LITERAL_NULL_CONVERSION = YES;
				CLANG_WARN_OBJC_IMPLICIT_RETAIN_SELF = YES;
				CLANG_WARN_OBJC_LITERAL_CONVERSION = YES;
				CLANG_WARN_OBJC_ROOT_CLASS = YES_ERROR;
				CLANG_WARN_QUOTED_INCLUDE_IN_FRAMEWORK_HEADER = YES;
				CLANG_WARN_RANGE_LOOP_ANALYSIS = YES;
				CLANG_WARN_STRICT_PROTOTYPES = YES;
				CLANG_WARN_SUSPICIOUS_MOVE = YES;
				CLANG_WARN_UNGUARDED_AVAILABILITY = YES_AGGRESSIVE;
				CLANG_WARN_UNREACHABLE_CODE = YES;
				CLANG_WARN__DUPLICATE_METHOD_MATCH = YES;
				COPY_PHASE_STRIP = NO;
				DEBUG_INFORMATION_FORMAT = "dwarf-with-dsym";
				DEVELOPMENT_TEAM = W48NJ368MP;
				ENABLE_NS_ASSERTIONS = NO;
				ENABLE_STRICT_OBJC_MSGSEND = YES;
				ENABLE_USER_SCRIPT_SANDBOXING = YES;
				GCC_C_LANGUAGE_STANDARD = gnu17;
				GCC_NO_COMMON_BLOCKS = YES;
				GCC_WARN_64_TO_32_BIT_CONVERSION = YES;
				GCC_WARN_ABOUT_RETURN_TYPE = YES_ERROR;
				GCC_WARN_UNDECLARED_SELECTOR = YES;
				GCC_WARN_UNINITIALIZED_AUTOS = YES_AGGRESSIVE;
				GCC_WARN_UNUSED_FUNCTION = YES;
				GCC_WARN_UNUSED_VARIABLE = YES;
				IPHONEOS_DEPLOYMENT_TARGET = 18.4;
				LOCALIZATION_PREFERS_STRING_CATALOGS = YES;
				MTL_ENABLE_DEBUG_INFO = NO;
				MTL_FAST_MATH = YES;
				SDKROOT = iphoneos;
				SWIFT_COMPILATION_MODE = wholemodule;
				VALIDATE_PRODUCT = YES;
			};
			name = Release;
		};
		197643402DCDF083007444D8 /* Debug */ = {
			isa = XCBuildConfiguration;
			buildSettings = {
				ASSETCATALOG_COMPILER_APPICON_NAME = AppIcon;
				ASSETCATALOG_COMPILER_GLOBAL_ACCENT_COLOR_NAME = AccentColor;
				CODE_SIGN_STYLE = Automatic;
				CURRENT_PROJECT_VERSION = 1;
				DEVELOPMENT_TEAM = W48NJ368MP;
				ENABLE_APP_SANDBOX = YES;
				ENABLE_HARDENED_RUNTIME = YES;
				ENABLE_OUTGOING_NETWORK_CONNECTIONS = YES;
				ENABLE_PREVIEWS = YES;
				GENERATE_INFOPLIST_FILE = YES;
				INFOPLIST_KEY_UIApplicationSceneManifest_Generation = YES;
				INFOPLIST_KEY_UIApplicationSupportsIndirectInputEvents = YES;
				INFOPLIST_KEY_UILaunchScreen_Generation = YES;
				INFOPLIST_KEY_UISupportedInterfaceOrientations_iPad = "UIInterfaceOrientationPortrait UIInterfaceOrientationPortraitUpsideDown UIInterfaceOrientationLandscapeLeft UIInterfaceOrientationLandscapeRight";
				INFOPLIST_KEY_UISupportedInterfaceOrientations_iPhone = "UIInterfaceOrientationPortrait UIInterfaceOrientationLandscapeLeft UIInterfaceOrientationLandscapeRight";
				LD_RUNPATH_SEARCH_PATHS = (
					"$(inherited)",
					"@executable_path/Frameworks",
				);
				MARKETING_VERSION = 1.0;
				PRODUCT_BUNDLE_IDENTIFIER = com.gmi91.iOSSample;
				PRODUCT_NAME = "$(TARGET_NAME)";
				REGISTER_APP_GROUPS = YES;
				SUPPORTED_PLATFORMS = "iphoneos iphonesimulator";
				SUPPORTS_MACCATALYST = NO;
				SWIFT_EMIT_LOC_STRINGS = YES;
				SWIFT_VERSION = 5.0;
				TARGETED_DEVICE_FAMILY = "1,2";
			};
			name = Debug;
		};
		197643412DCDF083007444D8 /* Release */ = {
			isa = XCBuildConfiguration;
			buildSettings = {
				ASSETCATALOG_COMPILER_APPICON_NAME = AppIcon;
				ASSETCATALOG_COMPILER_GLOBAL_ACCENT_COLOR_NAME = AccentColor;
				CODE_SIGN_STYLE = Automatic;
				CURRENT_PROJECT_VERSION = 1;
				DEVELOPMENT_TEAM = W48NJ368MP;
				ENABLE_PREVIEWS = YES;
				GENERATE_INFOPLIST_FILE = YES;
				INFOPLIST_KEY_UIApplicationSceneManifest_Generation = YES;
				INFOPLIST_KEY_UIApplicationSupportsIndirectInputEvents = YES;
				INFOPLIST_KEY_UILaunchScreen_Generation = YES;
				INFOPLIST_KEY_UISupportedInterfaceOrientations_iPad = "UIInterfaceOrientationPortrait UIInterfaceOrientationPortraitUpsideDown UIInterfaceOrientationLandscapeLeft UIInterfaceOrientationLandscapeRight";
				INFOPLIST_KEY_UISupportedInterfaceOrientations_iPhone = "UIInterfaceOrientationPortrait UIInterfaceOrientationLandscapeLeft UIInterfaceOrientationLandscapeRight";
				LD_RUNPATH_SEARCH_PATHS = (
					"$(inherited)",
					"@executable_path/Frameworks",
				);
				MARKETING_VERSION = 1.0;
				PRODUCT_BUNDLE_IDENTIFIER = com.gmi91.iOSSample;
				PRODUCT_NAME = "$(TARGET_NAME)";
				SUPPORTED_PLATFORMS = "iphoneos iphonesimulator";
				SUPPORTS_MACCATALYST = NO;
				SWIFT_EMIT_LOC_STRINGS = YES;
				SWIFT_VERSION = 5.0;
				TARGETED_DEVICE_FAMILY = "1,2";
			};
			name = Release;
		};
		197643432DCDF083007444D8 /* Debug */ = {
			isa = XCBuildConfiguration;
			buildSettings = {
				BUNDLE_LOADER = "$(TEST_HOST)";
				CODE_SIGN_STYLE = Automatic;
				CURRENT_PROJECT_VERSION = 1;
				DEVELOPMENT_TEAM = W48NJ368MP;
				GENERATE_INFOPLIST_FILE = YES;
				IPHONEOS_DEPLOYMENT_TARGET = 18.4;
				MARKETING_VERSION = 1.0;
				PRODUCT_BUNDLE_IDENTIFIER = com.gmi91.iOSSampleTests;
				PRODUCT_NAME = "$(TARGET_NAME)";
				SWIFT_EMIT_LOC_STRINGS = NO;
				SWIFT_VERSION = 5.0;
				TARGETED_DEVICE_FAMILY = "1,2";
				TEST_HOST = "$(BUILT_PRODUCTS_DIR)/iOSSample.app/$(BUNDLE_EXECUTABLE_FOLDER_PATH)/iOSSample";
			};
			name = Debug;
		};
		197643442DCDF083007444D8 /* Release */ = {
			isa = XCBuildConfiguration;
			buildSettings = {
				BUNDLE_LOADER = "$(TEST_HOST)";
				CODE_SIGN_STYLE = Automatic;
				CURRENT_PROJECT_VERSION = 1;
				DEVELOPMENT_TEAM = W48NJ368MP;
				GENERATE_INFOPLIST_FILE = YES;
				IPHONEOS_DEPLOYMENT_TARGET = 18.4;
				MARKETING_VERSION = 1.0;
				PRODUCT_BUNDLE_IDENTIFIER = com.gmi91.iOSSampleTests;
				PRODUCT_NAME = "$(TARGET_NAME)";
				SWIFT_EMIT_LOC_STRINGS = NO;
				SWIFT_VERSION = 5.0;
				TARGETED_DEVICE_FAMILY = "1,2";
				TEST_HOST = "$(BUILT_PRODUCTS_DIR)/iOSSample.app/$(BUNDLE_EXECUTABLE_FOLDER_PATH)/iOSSample";
			};
			name = Release;
		};
		197643462DCDF083007444D8 /* Debug */ = {
			isa = XCBuildConfiguration;
			buildSettings = {
				CODE_SIGN_STYLE = Automatic;
				CURRENT_PROJECT_VERSION = 1;
				DEVELOPMENT_TEAM = W48NJ368MP;
				GENERATE_INFOPLIST_FILE = YES;
				MARKETING_VERSION = 1.0;
				PRODUCT_BUNDLE_IDENTIFIER = com.gmi91.iOSSampleUITests;
				PRODUCT_NAME = "$(TARGET_NAME)";
				SWIFT_EMIT_LOC_STRINGS = NO;
				SWIFT_VERSION = 5.0;
				TARGETED_DEVICE_FAMILY = "1,2";
				TEST_TARGET_NAME = iOSSample;
			};
			name = Debug;
		};
		197643472DCDF083007444D8 /* Release */ = {
			isa = XCBuildConfiguration;
			buildSettings = {
				CODE_SIGN_STYLE = Automatic;
				CURRENT_PROJECT_VERSION = 1;
				DEVELOPMENT_TEAM = W48NJ368MP;
				GENERATE_INFOPLIST_FILE = YES;
				MARKETING_VERSION = 1.0;
				PRODUCT_BUNDLE_IDENTIFIER = com.gmi91.iOSSampleUITests;
				PRODUCT_NAME = "$(TARGET_NAME)";
				SWIFT_EMIT_LOC_STRINGS = NO;
				SWIFT_VERSION = 5.0;
				TARGETED_DEVICE_FAMILY = "1,2";
				TEST_TARGET_NAME = iOSSample;
			};
			name = Release;
		};
/* End XCBuildConfiguration section */

/* Begin XCConfigurationList section */
		197643192DCDF080007444D8 /* Build configuration list for PBXProject "iOSSample" */ = {
			isa = XCConfigurationList;
			buildConfigurations = (
				1976433D2DCDF083007444D8 /* Debug */,
				1976433E2DCDF083007444D8 /* Release */,
			);
			defaultConfigurationIsVisible = 0;
			defaultConfigurationName = Release;
		};
		1976433F2DCDF083007444D8 /* Build configuration list for PBXNativeTarget "iOSSample" */ = {
			isa = XCConfigurationList;
			buildConfigurations = (
				197643402DCDF083007444D8 /* Debug */,
				197643412DCDF083007444D8 /* Release */,
			);
			defaultConfigurationIsVisible = 0;
			defaultConfigurationName = Release;
		};
		197643422DCDF083007444D8 /* Build configuration list for PBXNativeTarget "iOSSampleTests" */ = {
			isa = XCConfigurationList;
			buildConfigurations = (
				197643432DCDF083007444D8 /* Debug */,
				197643442DCDF083007444D8 /* Release */,
			);
			defaultConfigurationIsVisible = 0;
			defaultConfigurationName = Release;
		};
		197643452DCDF083007444D8 /* Build configuration list for PBXNativeTarget "iOSSampleUITests" */ = {
			isa = XCConfigurationList;
			buildConfigurations = (
				197643462DCDF083007444D8 /* Debug */,
				197643472DCDF083007444D8 /* Release */,
			);
			defaultConfigurationIsVisible = 0;
			defaultConfigurationName = Release;
		};
/* End XCConfigurationList section */

/* Begin XCLocalSwiftPackageReference section */
		197643622DCDF0E3007444D8 /* XCLocalSwiftPackageReference "../../JSONCodable" */ = {
			isa = XCLocalSwiftPackageReference;
			relativePath = ../../JSONCodable;
		};
/* End XCLocalSwiftPackageReference section */

/* Begin XCSwiftPackageProductDependency section */
		197643642DCDF0F5007444D8 /* JSONCodable */ = {
			isa = XCSwiftPackageProductDependency;
			package = 197643622DCDF0E3007444D8 /* XCLocalSwiftPackageReference "../../JSONCodable" */;
			productName = JSONCodable;
		};
/* End XCSwiftPackageProductDependency section */
	};
	rootObject = 197643162DCDF080007444D8 /* Project object */;
}
